<?xml version="1.0" encoding="utf-8"?>
<Project ToolsVersion="4.0" xmlns="http://schemas.microsoft.com/developer/msbuild/2003">
  <ItemGroup>
    <Filter Include="crossdllinterface">
      <UniqueIdentifier>{87339221-2359-4b57-a715-8ef6f1f787cd}</UniqueIdentifier>
    </Filter>
    <Filter Include="colreg">
      <UniqueIdentifier>{48ed09eb-1f5a-45bf-a6d4-8d03915926e3}</UniqueIdentifier>
    </Filter>
    <Filter Include="colreg\ThirdParty">
      <UniqueIdentifier>{c42bad8e-f2fb-4117-ab2a-ec0d38123955}</UniqueIdentifier>
    </Filter>
    <Filter Include="colreg\ThirdParty\tinyxml2">
      <UniqueIdentifier>{111ad133-35df-42c4-931e-f0f14db83a1d}</UniqueIdentifier>
    </Filter>
    <Filter Include="colreg\XmlProperties">
      <UniqueIdentifier>{49bf598c-dd43-4bc8-8f0b-ec96d720380e}</UniqueIdentifier>
    </Filter>
    <Filter Include="common">
      <UniqueIdentifier>{70df28d9-a660-40c3-898e-f6779c364a6d}</UniqueIdentifier>
    </Filter>
    <Filter Include="SVCG">
      <UniqueIdentifier>{4f1034f0-5d17-4ed0-ba9d-642337789804}</UniqueIdentifier>
    </Filter>
    <Filter Include="math">
      <UniqueIdentifier>{5f05ea15-9774-4a0f-a6ad-038771042131}</UniqueIdentifier>
    </Filter>
    <Filter Include="database">
      <UniqueIdentifier>{ee9d03f5-e8e2-4759-b9b5-30c214360126}</UniqueIdentifier>
    </Filter>
    <Filter Include="datastandart">
      <UniqueIdentifier>{f2711dd6-7561-4aac-acae-b2070a038f1f}</UniqueIdentifier>
    </Filter>
    <Filter Include="navdisp">
      <UniqueIdentifier>{13a872cf-7c47-4456-b330-420f51f460aa}</UniqueIdentifier>
    </Filter>
    <Filter Include="settings">
      <UniqueIdentifier>{1b8f464b-5f7c-487b-9e4c-a2f24694c586}</UniqueIdentifier>
    </Filter>
    <Filter Include="ThirdParty">
      <UniqueIdentifier>{0fab15c1-4075-4f05-908b-c166024daec5}</UniqueIdentifier>
    </Filter>
    <Filter Include="ThirdParty\json">
      <UniqueIdentifier>{9efd1555-8c9a-430a-8dc1-d352101f03db}</UniqueIdentifier>
    </Filter>
    <Filter Include="json">
      <UniqueIdentifier>{41829fb9-65b1-4d0d-beeb-215ac30c4f34}</UniqueIdentifier>
    </Filter>
    <Filter Include="layer_provider">
      <UniqueIdentifier>{7f7288eb-eba2-4e09-97e0-3ea74e3e9a82}</UniqueIdentifier>
    </Filter>
    <Filter Include="simulation">
      <UniqueIdentifier>{9e8cf20f-8b97-4eb5-8834-92c2c56f6837}</UniqueIdentifier>
    </Filter>
  </ItemGroup>
  <ItemGroup>
    <ClInclude Include="source\crossdllinterface\SettingsSerializerInterface.h">
      <Filter>crossdllinterface</Filter>
    </ClInclude>
    <ClInclude Include="source\crossdllinterface\UnitDataSerializerInterface.h">
      <Filter>crossdllinterface</Filter>
    </ClInclude>
    <ClInclude Include="source\crossdllinterface\TransceiverInterface.h">
      <Filter>crossdllinterface</Filter>
    </ClInclude>
    <ClInclude Include="source\colreg\ThirdParty\dirent.h">
      <Filter>colreg\ThirdParty</Filter>
    </ClInclude>
    <ClInclude Include="source\colreg\ThirdParty\tinyxml2\tinyxml2.h">
      <Filter>colreg\ThirdParty\tinyxml2</Filter>
    </ClInclude>
    <ClInclude Include="source\colreg\XmlProperties\xml_property.h">
      <Filter>colreg\XmlProperties</Filter>
    </ClInclude>
    <ClInclude Include="source\colreg\XmlProperties\xml_property_container.h">
      <Filter>colreg\XmlProperties</Filter>
    </ClInclude>
    <ClInclude Include="source\colreg\BaseRef.h">
      <Filter>colreg</Filter>
    </ClInclude>
    <ClInclude Include="source\colreg\ColregHelper.h">
      <Filter>colreg</Filter>
    </ClInclude>
    <ClInclude Include="source\colreg\ColregInterfaces.h">
      <Filter>colreg</Filter>
    </ClInclude>
    <ClInclude Include="source\colreg\ColregSettings.h">
      <Filter>colreg</Filter>
    </ClInclude>
    <ClInclude Include="source\colreg\CommonRefs.h">
      <Filter>colreg</Filter>
    </ClInclude>
    <ClInclude Include="source\colreg\CommonStructs.h">
      <Filter>colreg</Filter>
    </ClInclude>
    <ClInclude Include="source\colreg\DebugStructs.h">
      <Filter>colreg</Filter>
    </ClInclude>
    <ClInclude Include="source\colreg\domain_utils.h">
      <Filter>colreg</Filter>
    </ClInclude>
    <ClInclude Include="source\colreg\DomainStructs.h">
      <Filter>colreg</Filter>
    </ClInclude>
    <ClInclude Include="source\colreg\MathModelInterface.h">
      <Filter>colreg</Filter>
    </ClInclude>
    <ClInclude Include="source\colreg\MemoryBlock.h">
      <Filter>colreg</Filter>
    </ClInclude>
    <ClInclude Include="source\colreg\MemoryOverload.h">
      <Filter>colreg</Filter>
    </ClInclude>
    <ClInclude Include="source\colreg\ModelStructs.h">
      <Filter>colreg</Filter>
    </ClInclude>
    <ClInclude Include="source\colreg\ModuleGuard.h">
      <Filter>colreg</Filter>
    </ClInclude>
    <ClInclude Include="source\colreg\PropertyInterface.h">
      <Filter>colreg</Filter>
    </ClInclude>
    <ClInclude Include="source\colreg\ReleaseGuard.h">
      <Filter>colreg</Filter>
    </ClInclude>
    <ClInclude Include="source\colreg\TinyFixedStack.h">
      <Filter>colreg</Filter>
    </ClInclude>
    <ClInclude Include="source\SVCG\route_point.h">
      <Filter>SVCG</Filter>
    </ClInclude>
    <ClInclude Include="source\common\base_class.h">
      <Filter>common</Filter>
    </ClInclude>
    <ClInclude Include="source\common\utils.h">
      <Filter>common</Filter>
    </ClInclude>
    <ClInclude Include="source\common\observer.h">
      <Filter>common</Filter>
    </ClInclude>
    <ClInclude Include="source\common\coordinates.h">
      <Filter>common</Filter>
    </ClInclude>
    <ClInclude Include="source\common\file_storage.h">
      <Filter>common</Filter>
    </ClInclude>
    <ClInclude Include="source\math\ellipse.h">
      <Filter>math</Filter>
    </ClInclude>
    <ClInclude Include="source\math\intersect.h">
      <Filter>math</Filter>
    </ClInclude>
    <ClInclude Include="source\math\math_utils.h">
      <Filter>math</Filter>
    </ClInclude>
    <ClInclude Include="source\math\point.h">
      <Filter>math</Filter>
    </ClInclude>
    <ClInclude Include="source\math\transform.h">
      <Filter>math</Filter>
    </ClInclude>
    <ClInclude Include="source\colreg\Communicator.h">
      <Filter>colreg</Filter>
    </ClInclude>
    <ClInclude Include="source\crossdllinterface\SVGMDatabaseInterface.h">
      <Filter>crossdllinterface</Filter>
    </ClInclude>
    <ClInclude Include="source\database\sqlite3.h">
      <Filter>database</Filter>
    </ClInclude>
    <ClInclude Include="source\crossdllinterface\RawDataInterface.h">
      <Filter>crossdllinterface</Filter>
    </ClInclude>
    <ClInclude Include="source\crossdllinterface\DataShareInterface.h">
      <Filter>crossdllinterface</Filter>
    </ClInclude>
    <ClInclude Include="source\common\transceiver_types.h">
      <Filter>common</Filter>
    </ClInclude>
    <ClInclude Include="source\common\pathfinder_types.h">
      <Filter>common</Filter>
    </ClInclude>
    <ClInclude Include="source\SVCG\positioning.h">
      <Filter>SVCG</Filter>
    </ClInclude>
    <ClInclude Include="source\SVCG\position_point.h">
      <Filter>SVCG</Filter>
    </ClInclude>
    <ClInclude Include="source\common\communicator.h">
      <Filter>common</Filter>
    </ClInclude>
    <ClInclude Include="source\common\pathfinder_structs.h">
      <Filter>common</Filter>
    </ClInclude>
    <ClInclude Include="source\crossdllinterface\SimulationInterface.h">
      <Filter>crossdllinterface</Filter>
    </ClInclude>
    <ClInclude Include="source\colreg\ChartSafetyStructs.h">
      <Filter>colreg</Filter>
    </ClInclude>
    <ClInclude Include="source\crossdllinterface\EngineInterface.h">
      <Filter>crossdllinterface</Filter>
    </ClInclude>
    <ClInclude Include="source\crossdllinterface\UniversalLoggerInterface.h">
      <Filter>crossdllinterface</Filter>
    </ClInclude>
    <ClInclude Include="source\common\research_structs.h">
      <Filter>common</Filter>
    </ClInclude>
    <ClInclude Include="source\crossdllinterface\FileStorageInterface.h">
      <Filter>crossdllinterface</Filter>
    </ClInclude>
    <ClInclude Include="source\common\global_structs.h">
      <Filter>common</Filter>
    </ClInclude>
    <ClInclude Include="source\common\central_class.h">
      <Filter>common</Filter>
    </ClInclude>
    <ClInclude Include="source\crossdllinterface\NavigationDispatcherInterface.h">
      <Filter>crossdllinterface</Filter>
    </ClInclude>
    <ClInclude Include="source\common\dispatcher_command.h">
      <Filter>common</Filter>
    </ClInclude>
    <ClInclude Include="source\common\global.h">
      <Filter>common</Filter>
    </ClInclude>
    <ClInclude Include="source\datastandart\PackHoundDataStandartInterface.h">
      <Filter>datastandart</Filter>
    </ClInclude>
    <ClInclude Include="source\datastandart\PngHeightMapDataStandartInterface.h">
      <Filter>datastandart</Filter>
    </ClInclude>
    <ClInclude Include="source\datastandart\SVGenMapDataStandartInterface.h">
      <Filter>datastandart</Filter>
    </ClInclude>
    <ClInclude Include="source\datastandart\ChartObjectDataStandartInterface.h">
      <Filter>datastandart</Filter>
    </ClInclude>
    <ClInclude Include="source\datastandart\DataStandartInterfaceBase.h">
      <Filter>datastandart</Filter>
    </ClInclude>
    <ClInclude Include="source\navdisp\ComService.h">
      <Filter>navdisp</Filter>
    </ClInclude>
    <ClInclude Include="source\common\holder_base.h">
      <Filter>common</Filter>
    </ClInclude>
    <ClInclude Include="source\navdisp\OrderFactory.h">
      <Filter>navdisp</Filter>
    </ClInclude>
    <ClInclude Include="source\navdisp\OrderInterface.h">
      <Filter>navdisp</Filter>
    </ClInclude>
    <ClInclude Include="source\navdisp\OrderCreation.h">
      <Filter>navdisp</Filter>
    </ClInclude>
    <ClInclude Include="source\navdisp\OrderBase.h">
      <Filter>navdisp</Filter>
    </ClInclude>
    <ClInclude Include="source\navdisp\NavDispTypes.h">
      <Filter>navdisp</Filter>
    </ClInclude>
    <ClInclude Include="source\datastandart\DataStandartFactory.h">
      <Filter>datastandart</Filter>
    </ClInclude>
    <ClInclude Include="source\datastandart\DataStandart.h">
      <Filter>datastandart</Filter>
    </ClInclude>
    <ClInclude Include="source\datastandart\DataStandartTypes.h">
      <Filter>datastandart</Filter>
    </ClInclude>
    <ClInclude Include="source\datastandart\OptimizedPathStorageDataStandartInterface.h">
      <Filter>datastandart</Filter>
    </ClInclude>
    <ClInclude Include="source\datastandart\PathStorageDataStandartInterface.h">
      <Filter>datastandart</Filter>
    </ClInclude>
    <ClInclude Include="source\datastandart\DataStandartStruct.h">
      <Filter>datastandart</Filter>
    </ClInclude>
    <ClInclude Include="source\navdisp\OrderStruct.h">
      <Filter>navdisp</Filter>
    </ClInclude>
    <ClInclude Include="source\settings\settings.h">
      <Filter>settings</Filter>
    </ClInclude>
    <ClInclude Include="source\settings\settings_meta.h">
      <Filter>settings</Filter>
    </ClInclude>
    <ClInclude Include="source\settings\settings_types.h">
      <Filter>settings</Filter>
    </ClInclude>
    <ClInclude Include="source\settings\SettingsSerializerHolder.h">
      <Filter>settings</Filter>
    </ClInclude>
    <ClInclude Include="source\navdisp\ConfigDispatcher.h">
      <Filter>navdisp</Filter>
    </ClInclude>
    <ClInclude Include="source\navdisp\OrderProcessor.h">
      <Filter>navdisp</Filter>
    </ClInclude>
    <ClInclude Include="source\common\header_collector.h">
      <Filter>common</Filter>
    </ClInclude>
    <ClInclude Include="source\common\data_hash.h">
      <Filter>common</Filter>
    </ClInclude>
    <ClInclude Include="source\crossdllinterface\ChecksumServiceInterface.h">
      <Filter>crossdllinterface</Filter>
    </ClInclude>
    <ClInclude Include="source\crossdllinterface\SurfaceViewerOrderingWrapperInterface.h">
      <Filter>crossdllinterface</Filter>
    </ClInclude>
    <ClInclude Include="source\common\servicable.h">
      <Filter>common</Filter>
    </ClInclude>
    <ClInclude Include="source\ThirdParty\json\json.h">
      <Filter>ThirdParty\json</Filter>
    </ClInclude>
    <ClInclude Include="source\ThirdParty\json\jsoncpp.hpp">
      <Filter>ThirdParty\json</Filter>
    </ClInclude>
    <ClInclude Include="source\ThirdParty\json\json-forwards.h">
      <Filter>ThirdParty\json</Filter>
    </ClInclude>
    <ClInclude Include="source\json\json_wrapper.h">
      <Filter>json</Filter>
    </ClInclude>
    <ClInclude Include="source\json\json_wrapper_impl.h">
      <Filter>json</Filter>
    </ClInclude>
    <ClInclude Include="source\crossdllinterface\PythonWrapperInterface.h">
      <Filter>crossdllinterface</Filter>
    </ClInclude>
    <ClInclude Include="source\SVCG\enhanced_geometry.h">
      <Filter>SVCG</Filter>
    </ClInclude>
    <ClInclude Include="source\common\base_types.h">
      <Filter>common</Filter>
    </ClInclude>
    <ClInclude Include="source\layer_provider\trajectory_point.h">
      <Filter>layer_provider</Filter>
    </ClInclude>
    <ClInclude Include="source\layer_provider\unit_info.h">
      <Filter>layer_provider</Filter>
    </ClInclude>
    <ClInclude Include="source\layer_provider\layer_chart_object.h">
      <Filter>layer_provider</Filter>
    </ClInclude>
    <ClInclude Include="source\layer_provider\layer_unit_object.h">
      <Filter>layer_provider</Filter>
    </ClInclude>
    <ClInclude Include="source\SVCG\geo_point.h">
      <Filter>SVCG</Filter>
    </ClInclude>
    <ClInclude Include="source\common\properties.h">
      <Filter>common</Filter>
    </ClInclude>
    <ClInclude Include="source\common\chart_object_unit.h">
      <Filter>common</Filter>
    </ClInclude>
    <ClInclude Include="source\common\object_type.h">
      <Filter>common</Filter>
    </ClInclude>
    <ClInclude Include="source\SVCG\polar_point.h">
      <Filter>SVCG</Filter>
    </ClInclude>
    <ClInclude Include="source\colreg\SimulationStateInterface.h">
      <Filter>colreg</Filter>
    </ClInclude>
    <ClInclude Include="source\colreg\SimulatorInterface.h">
      <Filter>colreg</Filter>
    </ClInclude>
    <ClInclude Include="source\colreg\SimulationTypes.h">
      <Filter>colreg</Filter>
    </ClInclude>
    <ClInclude Include="source\colreg\SimulationStructs.h">
      <Filter>colreg</Filter>
    </ClInclude>
    <ClInclude Include="source\common\matrix_object.h">
      <Filter>common</Filter>
    </ClInclude>
    <ClInclude Include="source\simulation\LayerChartObjectInterface.h">
      <Filter>simulation</Filter>
    </ClInclude>
    <ClInclude Include="source\simulation\LayerEntityInterface.h">
      <Filter>simulation</Filter>
    </ClInclude>
    <ClInclude Include="source\simulation\LayerUnitInterface.h">
      <Filter>simulation</Filter>
    </ClInclude>
    <ClInclude Include="source\colreg\PropertyStructs.h">
      <Filter>colreg</Filter>
    </ClInclude>
    <ClInclude Include="source\crossdllinterface\MCMInterface.h">
      <Filter>crossdllinterface</Filter>
    </ClInclude>
  </ItemGroup>
  <ItemGroup>
    <ClCompile Include="source\colreg\ThirdParty\tinyxml2\tinyxml2.cpp">
      <Filter>colreg\ThirdParty\tinyxml2</Filter>
    </ClCompile>
  </ItemGroup>
</Project>