<?xml version="1.0" encoding="utf-8"?>
<Project ToolsVersion="4.0" xmlns="http://schemas.microsoft.com/developer/msbuild/2003">
  <ItemGroup>
    <Filter Include="main">
      <UniqueIdentifier>{93166965-d39d-4a1b-a58b-330b64f7b148}</UniqueIdentifier>
    </Filter>
    <Filter Include="algorithm">
      <UniqueIdentifier>{42f03fb7-fc43-40a6-8a6f-3cd99796b7d4}</UniqueIdentifier>
    </Filter>
    <Filter Include="algorithm\pathfinder">
      <UniqueIdentifier>{25cc6782-3c6a-4772-99a4-8227c99bf7c6}</UniqueIdentifier>
    </Filter>
  </ItemGroup>
  <ItemGroup>
    <ClCompile Include="source\main\calibrator.cpp">
      <Filter>main</Filter>
    </ClCompile>
    <ClCompile Include="source\main\dispatcher.cpp">
      <Filter>main</Filter>
    </ClCompile>
    <ClCompile Include="source\main\engine.cpp">
      <Filter>main</Filter>
    </ClCompile>
    <ClCompile Include="source\algorithm\statistic.cpp">
      <Filter>algorithm</Filter>
    </ClCompile>
    <ClCompile Include="source\stdafx.cpp" />
    <ClCompile Include="source\algorithm\pathfinder\pathfinder.cpp">
      <Filter>algorithm\pathfinder</Filter>
    </ClCompile>
    <ClCompile Include="source\algorithm\pathfinder\CoverageBuilder.cpp">
      <Filter>algorithm\pathfinder</Filter>
    </ClCompile>
    <ClCompile Include="source\algorithm\pathfinder\StrategyManager.cpp">
      <Filter>algorithm\pathfinder</Filter>
    </ClCompile>
  </ItemGroup>
  <ItemGroup>
    <ClInclude Include="source\main\calibrator.h">
      <Filter>main</Filter>
    </ClInclude>
    <ClInclude Include="source\main\dispatcher.h">
      <Filter>main</Filter>
    </ClInclude>
    <ClInclude Include="source\main\engine.h">
      <Filter>main</Filter>
    </ClInclude>
    <ClInclude Include="source\algorithm\statistic.h">
      <Filter>algorithm</Filter>
    </ClInclude>
    <ClInclude Include="source\stdafx.h" />
    <ClInclude Include="source\algorithm\pathfinder\pathfinder.h">
      <Filter>algorithm\pathfinder</Filter>
    </ClInclude>
    <ClInclude Include="source\algorithm\pathfinder\CoverageBuilder.h">
      <Filter>algorithm\pathfinder</Filter>
    </ClInclude>
    <ClInclude Include="source\algorithm\pathfinder\StrategyManager.h">
      <Filter>algorithm\pathfinder</Filter>
    </ClInclude>
  </ItemGroup>
</Project>