<?xml version="1.0" encoding="utf-8"?>
<Project ToolsVersion="4.0" xmlns="http://schemas.microsoft.com/developer/msbuild/2003">
  <ItemGroup>
    <Filter Include="main">
      <UniqueIdentifier>{93166965-d39d-4a1b-a58b-330b64f7b148}</UniqueIdentifier>
    </Filter>
    <Filter Include="algorithm">
      <UniqueIdentifier>{42f03fb7-fc43-40a6-8a6f-3cd99796b7d4}</UniqueIdentifier>
    </Filter>
    <Filter Include="algorithm\pathfinder">
      <UniqueIdentifier>{25cc6782-3c6a-4772-99a4-8227c99bf7c6}</UniqueIdentifier>
    </Filter>
    <Filter Include="algorithm\pathfinder\Helpers">
      <UniqueIdentifier>{b689a527-88c3-4e47-b872-27aa1393dc6c}</UniqueIdentifier>
    </Filter>
    <Filter Include="algorithm\pathfinder\Multithread">
      <UniqueIdentifier>{fa2532ef-d1e8-4efd-8fb3-6917f16eae24}</UniqueIdentifier>
    </Filter>
    <Filter Include="pathfinding">
      <UniqueIdentifier>{bd77b1d3-1f0f-4e31-b8d7-d0c7ee6f4ab5}</UniqueIdentifier>
    </Filter>
    <Filter Include="research">
      <UniqueIdentifier>{c76afce9-f817-477c-b59a-51979ef47927}</UniqueIdentifier>
    </Filter>
    <Filter Include="common">
      <UniqueIdentifier>{860020ec-4e3a-4f79-b03a-7abfa1514eff}</UniqueIdentifier>
    </Filter>
    <Filter Include="algorithm\pathfinder\Prepares">
      <UniqueIdentifier>{f4d52a97-4553-4bf1-8e96-b625e1807fec}</UniqueIdentifier>
    </Filter>
    <Filter Include="algorithm\pathfinder\ThreadSplitter">
      <UniqueIdentifier>{3e39bffc-9bf9-41ef-a386-fde29679b1cb}</UniqueIdentifier>
    </Filter>
  </ItemGroup>
  <ItemGroup>
    <ClCompile Include="source\main\calibrator.cpp">
      <Filter>main</Filter>
    </ClCompile>
    <ClCompile Include="source\main\dispatcher.cpp">
      <Filter>main</Filter>
    </ClCompile>
    <ClCompile Include="source\algorithm\statistic.cpp">
      <Filter>algorithm</Filter>
    </ClCompile>
    <ClCompile Include="source\stdafx.cpp" />
    <ClCompile Include="source\algorithm\pathfinder\CoverageBuilder.cpp">
      <Filter>algorithm\pathfinder</Filter>
    </ClCompile>
    <ClCompile Include="source\algorithm\pathfinder\StrategyManager.cpp">
      <Filter>algorithm\pathfinder</Filter>
    </ClCompile>
    <ClCompile Include="source\algorithm\pathfinder\PathFinder.cpp">
      <Filter>algorithm\pathfinder</Filter>
    </ClCompile>
    <ClCompile Include="source\algorithm\pathfinder\PathFinderPipeline.cpp">
      <Filter>algorithm\pathfinder</Filter>
    </ClCompile>
    <ClCompile Include="source\algorithm\pathfinder\Helpers\CoordinateCorrectionHelper.cpp">
      <Filter>algorithm\pathfinder\Helpers</Filter>
    </ClCompile>
    <ClCompile Include="source\algorithm\pathfinder\Multithread\MCManager.cpp">
      <Filter>algorithm\pathfinder\Multithread</Filter>
    </ClCompile>
    <ClCompile Include="source\algorithm\pathfinder\Multithread\TaskHolder.cpp">
      <Filter>algorithm\pathfinder\Multithread</Filter>
    </ClCompile>
    <ClCompile Include="source\main\OptimizedPathfinderExternal.cpp">
      <Filter>main</Filter>
    </ClCompile>
    <ClCompile Include="source\main\PathfinderExternal.cpp">
      <Filter>main</Filter>
    </ClCompile>
    <ClCompile Include="source\main\ResearchExternal.cpp">
      <Filter>main</Filter>
    </ClCompile>
    <ClCompile Include="source\research\ResearchEngine.cpp">
      <Filter>research</Filter>
    </ClCompile>
    <ClCompile Include="source\pathfinding\PathfindingEngine.cpp">
      <Filter>pathfinding</Filter>
    </ClCompile>
    <ClCompile Include="source\common\EngineBase.cpp">
      <Filter>common</Filter>
    </ClCompile>
    <ClCompile Include="source\algorithm\pathfinder\Prepares\RouteLinePreparer.cpp">
      <Filter>algorithm\pathfinder\Prepares</Filter>
    </ClCompile>
    <ClCompile Include="source\algorithm\pathfinder\ThreadSplitter\ThreadSplitter.cpp">
      <Filter>algorithm\pathfinder\ThreadSplitter</Filter>
    </ClCompile>
  </ItemGroup>
  <ItemGroup>
    <ClInclude Include="source\main\calibrator.h">
      <Filter>main</Filter>
    </ClInclude>
    <ClInclude Include="source\main\dispatcher.h">
      <Filter>main</Filter>
    </ClInclude>
    <ClInclude Include="source\algorithm\statistic.h">
      <Filter>algorithm</Filter>
    </ClInclude>
    <ClInclude Include="source\stdafx.h" />
    <ClInclude Include="source\algorithm\pathfinder\CoverageBuilder.h">
      <Filter>algorithm\pathfinder</Filter>
    </ClInclude>
    <ClInclude Include="source\algorithm\pathfinder\StrategyManager.h">
      <Filter>algorithm\pathfinder</Filter>
    </ClInclude>
    <ClInclude Include="source\algorithm\pathfinder\PathFinder.h">
      <Filter>algorithm\pathfinder</Filter>
    </ClInclude>
    <ClInclude Include="source\algorithm\pathfinder\PathFinderPipeline.h">
      <Filter>algorithm\pathfinder</Filter>
    </ClInclude>
    <ClInclude Include="source\algorithm\pathfinder\Helpers\CoordinateCorrectionHelper.h">
      <Filter>algorithm\pathfinder\Helpers</Filter>
    </ClInclude>
    <ClInclude Include="source\algorithm\pathfinder\Multithread\MCManager.h">
      <Filter>algorithm\pathfinder\Multithread</Filter>
    </ClInclude>
    <ClInclude Include="source\algorithm\pathfinder\Multithread\Semaphore.h">
      <Filter>algorithm\pathfinder\Multithread</Filter>
    </ClInclude>
    <ClInclude Include="source\algorithm\pathfinder\Multithread\TaskHolder.h">
      <Filter>algorithm\pathfinder\Multithread</Filter>
    </ClInclude>
    <ClInclude Include="source\main\OptimizedPathfinderExternal.h">
      <Filter>main</Filter>
    </ClInclude>
    <ClInclude Include="source\main\PathfinderExternal.h">
      <Filter>main</Filter>
    </ClInclude>
    <ClInclude Include="source\main\ResearchExternal.h">
      <Filter>main</Filter>
    </ClInclude>
    <ClInclude Include="source\research\ResearchEngine.h">
      <Filter>research</Filter>
    </ClInclude>
    <ClInclude Include="source\pathfinding\PathfindingEngine.h">
      <Filter>pathfinding</Filter>
    </ClInclude>
    <ClInclude Include="source\common\EngineBase.h">
      <Filter>common</Filter>
    </ClInclude>
    <ClInclude Include="source\algorithm\pathfinder\Prepares\RouteLinePreparer.h">
      <Filter>algorithm\pathfinder\Prepares</Filter>
    </ClInclude>
    <ClInclude Include="source\algorithm\pathfinder\ThreadSplitter\ThreadSplitter.h">
      <Filter>algorithm\pathfinder\ThreadSplitter</Filter>
    </ClInclude>
  </ItemGroup>
</Project>