<?xml version="1.0" encoding="utf-8"?>
<Project ToolsVersion="4.0" xmlns="http://schemas.microsoft.com/developer/msbuild/2003">
  <ItemGroup>
    <ClCompile Include="source\shell.c" />
    <ClCompile Include="source\sqlite3.c" />
  </ItemGroup>
  <ItemGroup>
    <ClInclude Include="source\sqlite3ext.h" />
  </ItemGroup>
</Project>