<?xml version="1.0" encoding="utf-8"?>
<Project ToolsVersion="4.0" xmlns="http://schemas.microsoft.com/developer/msbuild/2003">
  <ItemGroup>
    <ClCompile Include="source\ChartObjectGenerator.cpp" />
    <ClCompile Include="source\stdafx.cpp" />
    <ClCompile Include="source\Modules\IsolineGenerator.cpp">
      <Filter>Modules</Filter>
    </ClCompile>
    <ClCompile Include="source\Modules\CoverageGenerator.cpp">
      <Filter>Modules</Filter>
    </ClCompile>
    <ClCompile Include="source\Modules\ZoneGenerator.cpp">
      <Filter>Modules</Filter>
    </ClCompile>
    <ClCompile Include="source\Modules\ModuleBase.cpp">
      <Filter>Modules</Filter>
    </ClCompile>
    <ClCompile Include="source\Modules\IsolineAlgorithms\LabirinthTraverse.cpp">
      <Filter>Modules\IsolineAlgorithms</Filter>
    </ClCompile>
    <ClCompile Include="source\Modules\IsolineAlgorithms\SegmentCollector.cpp">
      <Filter>Modules\IsolineAlgorithms</Filter>
    </ClCompile>
    <ClCompile Include="source\Modules\IsolineAlgorithms\WaveFrontline.cpp">
      <Filter>Modules\IsolineAlgorithms</Filter>
    </ClCompile>
  </ItemGroup>
  <ItemGroup>
    <ClInclude Include="source\ChartObjectGenerator.h" />
    <ClInclude Include="source\stdafx.h" />
    <ClInclude Include="source\Modules\IsolineGenerator.h">
      <Filter>Modules</Filter>
    </ClInclude>
    <ClInclude Include="source\chart_storage.h" />
    <ClInclude Include="source\GeneratorModuleInterface.h" />
    <ClInclude Include="source\Modules\CoverageGenerator.h">
      <Filter>Modules</Filter>
    </ClInclude>
    <ClInclude Include="source\Modules\ZoneGenerator.h">
      <Filter>Modules</Filter>
    </ClInclude>
    <ClInclude Include="source\Modules\ModuleBase.h">
      <Filter>Modules</Filter>
    </ClInclude>
    <ClInclude Include="source\Modules\IsolineAlgorithms\AlgorithmHelpers.h">
      <Filter>Modules\IsolineAlgorithms</Filter>
    </ClInclude>
    <ClInclude Include="source\Modules\IsolineAlgorithms\LabirinthTraverse.h">
      <Filter>Modules\IsolineAlgorithms</Filter>
    </ClInclude>
    <ClInclude Include="source\Modules\IsolineAlgorithms\SegmentCollector.h">
      <Filter>Modules\IsolineAlgorithms</Filter>
    </ClInclude>
    <ClInclude Include="source\Modules\IsolineAlgorithms\WaveFrontline.h">
      <Filter>Modules\IsolineAlgorithms</Filter>
    </ClInclude>
    <ClInclude Include="source\Modules\IsolineAlgorithms\AlgorithmBase.h">
      <Filter>Modules\IsolineAlgorithms</Filter>
    </ClInclude>
  </ItemGroup>
  <ItemGroup>
    <Filter Include="Modules">
      <UniqueIdentifier>{f66ccf47-218f-4cae-ba3e-29bed3e72959}</UniqueIdentifier>
    </Filter>
    <Filter Include="Modules\IsolineAlgorithms">
      <UniqueIdentifier>{2c934336-f43d-4391-8934-157835edb615}</UniqueIdentifier>
    </Filter>
  </ItemGroup>
</Project>