
Microsoft Visual Studio Solution File, Format Version 12.00
# Visual Studio Version 16
VisualStudioVersion = 16.0.29728.190
MinimumVisualStudioVersion = 10.0.40219.1
Project("{8BC9CEB8-8B4A-11D0-8D11-00A0C91BC942}") = "SurfaceViewerApp", "SurfaceViewerApp\SurfaceViewerGen2.vcxproj", "{70150A96-15F3-49F2-98E2-B7C50043F215}"
EndProject
Project("{8BC9CEB8-8B4A-11D0-8D11-00A0C91BC942}") = "SettingsHandler", "SettingsHandler\SettingsHandler.vcxproj", "{64018F7C-58BD-4B02-AD61-186F2C54230C}"
EndProject
Project("{8BC9CEB8-8B4A-11D0-8D11-00A0C91BC942}") = "Include", "Include\Include.vcxproj", "{848A9034-432D-4644-8EEC-38E62430405A}"
EndProject
Project("{8BC9CEB8-8B4A-11D0-8D11-00A0C91BC942}") = "Engine", "Engine\Engine.vcxproj", "{525976C8-E7C3-421D-9222-EEDCB32EAAEF}"
EndProject
Project("{8BC9CEB8-8B4A-11D0-8D11-00A0C91BC942}") = "SocketTransceiverLine", "SocketTransceiverLine\SocketTransceiverLine.vcxproj", "{DBF47AFF-228C-4A71-A39B-14AA648E5FB0}"
EndProject
Project("{8BC9CEB8-8B4A-11D0-8D11-00A0C91BC942}") = "lab", "direct_x_4\lab.vcxproj", "{699E6C93-0A29-4E41-AD9B-E1C9380AB73A}"
EndProject
Project("{8BC9CEB8-8B4A-11D0-8D11-00A0C91BC942}") = "SurfaceSimulation", "SurfaceSimulation\SurfaceSimulation.vcxproj", "{22A793C7-04B2-4E2B-9B97-6405CFFD010B}"
EndProject
Project("{8BC9CEB8-8B4A-11D0-8D11-00A0C91BC942}") = "HeightMapToSVGMConverter", "HeightMapToSVGMConverter\HeightMapToSVGMConverter.vcxproj", "{F522C4D2-CF72-486E-8CBD-71D288A6EA6E}"
EndProject
Project("{8BC9CEB8-8B4A-11D0-8D11-00A0C91BC942}") = "S57ToSVGMConverter", "S57ToSVGMConverter\S57ToSVGMConverter.vcxproj", "{66D32C1C-2F6C-4F6E-B1EF-C243F28701A5}"
EndProject
Project("{8BC9CEB8-8B4A-11D0-8D11-00A0C91BC942}") = "SQLiteController", "SQLiteController\SQLiteController.vcxproj", "{1772B509-89EF-4FC0-8941-D5C4A205CF5C}"
EndProject
Project("{8BC9CEB8-8B4A-11D0-8D11-00A0C91BC942}") = "XMLDatabaseController", "XMLDatabaseController\XMLDatabaseController.vcxproj", "{5466CF14-6B13-4E3B-BB18-DA010A4A1C09}"
EndProject
Project("{8BC9CEB8-8B4A-11D0-8D11-00A0C91BC942}") = "RawDataController", "RawDataController\RawDataController.vcxproj", "{BE3FD7BF-C230-427B-87DB-0451E5704F19}"
EndProject
Project("{8BC9CEB8-8B4A-11D0-8D11-00A0C91BC942}") = "DataShareProvider", "DataShareProvider\DataShareProvider.vcxproj", "{94CA4967-D678-413A-A9BD-99EBADFB3695}"
EndProject
Project("{8BC9CEB8-8B4A-11D0-8D11-00A0C91BC942}") = "SQLiteWrapper", "SQLiteWrapper\SQLiteWrapper.vcxproj", "{8D938DC3-FE8D-437F-B0FF-312E830BAF28}"
EndProject
Project("{8BC9CEB8-8B4A-11D0-8D11-00A0C91BC942}") = "ChartObjectGenerator", "ChartObjectGenerator\ChartObjectGenerator.vcxproj", "{ACDD300B-FE78-443D-A000-C07999DE7CEF}"
EndProject
Global
	GlobalSection(SolutionConfigurationPlatforms) = preSolution
		Debug|x64 = Debug|x64
		Debug|x86 = Debug|x86
		Release|x64 = Release|x64
		Release|x86 = Release|x86
	EndGlobalSection
	GlobalSection(ProjectConfigurationPlatforms) = postSolution
		{70150A96-15F3-49F2-98E2-B7C50043F215}.Debug|x64.ActiveCfg = Debug|x64
		{70150A96-15F3-49F2-98E2-B7C50043F215}.Debug|x64.Build.0 = Debug|x64
		{70150A96-15F3-49F2-98E2-B7C50043F215}.Debug|x86.ActiveCfg = Debug|Win32
		{70150A96-15F3-49F2-98E2-B7C50043F215}.Debug|x86.Build.0 = Debug|Win32
		{70150A96-15F3-49F2-98E2-B7C50043F215}.Release|x64.ActiveCfg = Release|x64
		{70150A96-15F3-49F2-98E2-B7C50043F215}.Release|x64.Build.0 = Release|x64
		{70150A96-15F3-49F2-98E2-B7C50043F215}.Release|x86.ActiveCfg = Release|Win32
		{70150A96-15F3-49F2-98E2-B7C50043F215}.Release|x86.Build.0 = Release|Win32
		{64018F7C-58BD-4B02-AD61-186F2C54230C}.Debug|x64.ActiveCfg = Debug|x64
		{64018F7C-58BD-4B02-AD61-186F2C54230C}.Debug|x64.Build.0 = Debug|x64
		{64018F7C-58BD-4B02-AD61-186F2C54230C}.Debug|x86.ActiveCfg = Debug|Win32
		{64018F7C-58BD-4B02-AD61-186F2C54230C}.Debug|x86.Build.0 = Debug|Win32
		{64018F7C-58BD-4B02-AD61-186F2C54230C}.Release|x64.ActiveCfg = Release|x64
		{64018F7C-58BD-4B02-AD61-186F2C54230C}.Release|x64.Build.0 = Release|x64
		{64018F7C-58BD-4B02-AD61-186F2C54230C}.Release|x86.ActiveCfg = Release|Win32
		{64018F7C-58BD-4B02-AD61-186F2C54230C}.Release|x86.Build.0 = Release|Win32
		{848A9034-432D-4644-8EEC-38E62430405A}.Debug|x64.ActiveCfg = Debug|x64
		{848A9034-432D-4644-8EEC-38E62430405A}.Debug|x64.Build.0 = Debug|x64
		{848A9034-432D-4644-8EEC-38E62430405A}.Debug|x86.ActiveCfg = Debug|Win32
		{848A9034-432D-4644-8EEC-38E62430405A}.Debug|x86.Build.0 = Debug|Win32
		{848A9034-432D-4644-8EEC-38E62430405A}.Release|x64.ActiveCfg = Release|x64
		{848A9034-432D-4644-8EEC-38E62430405A}.Release|x64.Build.0 = Release|x64
		{848A9034-432D-4644-8EEC-38E62430405A}.Release|x86.ActiveCfg = Release|Win32
		{848A9034-432D-4644-8EEC-38E62430405A}.Release|x86.Build.0 = Release|Win32
		{525976C8-E7C3-421D-9222-EEDCB32EAAEF}.Debug|x64.ActiveCfg = Debug|x64
		{525976C8-E7C3-421D-9222-EEDCB32EAAEF}.Debug|x64.Build.0 = Debug|x64
		{525976C8-E7C3-421D-9222-EEDCB32EAAEF}.Debug|x86.ActiveCfg = Debug|Win32
		{525976C8-E7C3-421D-9222-EEDCB32EAAEF}.Debug|x86.Build.0 = Debug|Win32
		{525976C8-E7C3-421D-9222-EEDCB32EAAEF}.Release|x64.ActiveCfg = Release|x64
		{525976C8-E7C3-421D-9222-EEDCB32EAAEF}.Release|x64.Build.0 = Release|x64
		{525976C8-E7C3-421D-9222-EEDCB32EAAEF}.Release|x86.ActiveCfg = Release|Win32
		{525976C8-E7C3-421D-9222-EEDCB32EAAEF}.Release|x86.Build.0 = Release|Win32
		{DBF47AFF-228C-4A71-A39B-14AA648E5FB0}.Debug|x64.ActiveCfg = Debug|x64
		{DBF47AFF-228C-4A71-A39B-14AA648E5FB0}.Debug|x64.Build.0 = Debug|x64
		{DBF47AFF-228C-4A71-A39B-14AA648E5FB0}.Debug|x86.ActiveCfg = Debug|Win32
		{DBF47AFF-228C-4A71-A39B-14AA648E5FB0}.Debug|x86.Build.0 = Debug|Win32
		{DBF47AFF-228C-4A71-A39B-14AA648E5FB0}.Release|x64.ActiveCfg = Release|x64
		{DBF47AFF-228C-4A71-A39B-14AA648E5FB0}.Release|x64.Build.0 = Release|x64
		{DBF47AFF-228C-4A71-A39B-14AA648E5FB0}.Release|x86.ActiveCfg = Release|Win32
		{DBF47AFF-228C-4A71-A39B-14AA648E5FB0}.Release|x86.Build.0 = Release|Win32
		{699E6C93-0A29-4E41-AD9B-E1C9380AB73A}.Debug|x64.ActiveCfg = Debug|Win32
		{699E6C93-0A29-4E41-AD9B-E1C9380AB73A}.Debug|x86.ActiveCfg = Debug|Win32
		{699E6C93-0A29-4E41-AD9B-E1C9380AB73A}.Debug|x86.Build.0 = Debug|Win32
		{699E6C93-0A29-4E41-AD9B-E1C9380AB73A}.Release|x64.ActiveCfg = Release|Win32
		{699E6C93-0A29-4E41-AD9B-E1C9380AB73A}.Release|x86.ActiveCfg = Release|Win32
		{699E6C93-0A29-4E41-AD9B-E1C9380AB73A}.Release|x86.Build.0 = Release|Win32
		{22A793C7-04B2-4E2B-9B97-6405CFFD010B}.Debug|x64.ActiveCfg = Debug|x64
		{22A793C7-04B2-4E2B-9B97-6405CFFD010B}.Debug|x64.Build.0 = Debug|x64
		{22A793C7-04B2-4E2B-9B97-6405CFFD010B}.Debug|x86.ActiveCfg = Debug|Win32
		{22A793C7-04B2-4E2B-9B97-6405CFFD010B}.Debug|x86.Build.0 = Debug|Win32
		{22A793C7-04B2-4E2B-9B97-6405CFFD010B}.Release|x64.ActiveCfg = Release|x64
		{22A793C7-04B2-4E2B-9B97-6405CFFD010B}.Release|x64.Build.0 = Release|x64
		{22A793C7-04B2-4E2B-9B97-6405CFFD010B}.Release|x86.ActiveCfg = Release|Win32
		{22A793C7-04B2-4E2B-9B97-6405CFFD010B}.Release|x86.Build.0 = Release|Win32
		{F522C4D2-CF72-486E-8CBD-71D288A6EA6E}.Debug|x64.ActiveCfg = Debug|x64
		{F522C4D2-CF72-486E-8CBD-71D288A6EA6E}.Debug|x64.Build.0 = Debug|x64
		{F522C4D2-CF72-486E-8CBD-71D288A6EA6E}.Debug|x86.ActiveCfg = Debug|Win32
		{F522C4D2-CF72-486E-8CBD-71D288A6EA6E}.Debug|x86.Build.0 = Debug|Win32
		{F522C4D2-CF72-486E-8CBD-71D288A6EA6E}.Release|x64.ActiveCfg = Release|x64
		{F522C4D2-CF72-486E-8CBD-71D288A6EA6E}.Release|x64.Build.0 = Release|x64
		{F522C4D2-CF72-486E-8CBD-71D288A6EA6E}.Release|x86.ActiveCfg = Release|Win32
		{F522C4D2-CF72-486E-8CBD-71D288A6EA6E}.Release|x86.Build.0 = Release|Win32
		{66D32C1C-2F6C-4F6E-B1EF-C243F28701A5}.Debug|x64.ActiveCfg = Debug|x64
		{66D32C1C-2F6C-4F6E-B1EF-C243F28701A5}.Debug|x64.Build.0 = Debug|x64
		{66D32C1C-2F6C-4F6E-B1EF-C243F28701A5}.Debug|x86.ActiveCfg = Debug|Win32
		{66D32C1C-2F6C-4F6E-B1EF-C243F28701A5}.Debug|x86.Build.0 = Debug|Win32
		{66D32C1C-2F6C-4F6E-B1EF-C243F28701A5}.Release|x64.ActiveCfg = Release|x64
		{66D32C1C-2F6C-4F6E-B1EF-C243F28701A5}.Release|x64.Build.0 = Release|x64
		{66D32C1C-2F6C-4F6E-B1EF-C243F28701A5}.Release|x86.ActiveCfg = Release|Win32
		{66D32C1C-2F6C-4F6E-B1EF-C243F28701A5}.Release|x86.Build.0 = Release|Win32
		{1772B509-89EF-4FC0-8941-D5C4A205CF5C}.Debug|x64.ActiveCfg = Debug|x64
		{1772B509-89EF-4FC0-8941-D5C4A205CF5C}.Debug|x64.Build.0 = Debug|x64
		{1772B509-89EF-4FC0-8941-D5C4A205CF5C}.Debug|x86.ActiveCfg = Debug|Win32
		{1772B509-89EF-4FC0-8941-D5C4A205CF5C}.Debug|x86.Build.0 = Debug|Win32
		{1772B509-89EF-4FC0-8941-D5C4A205CF5C}.Release|x64.ActiveCfg = Release|x64
		{1772B509-89EF-4FC0-8941-D5C4A205CF5C}.Release|x64.Build.0 = Release|x64
		{1772B509-89EF-4FC0-8941-D5C4A205CF5C}.Release|x86.ActiveCfg = Release|Win32
		{1772B509-89EF-4FC0-8941-D5C4A205CF5C}.Release|x86.Build.0 = Release|Win32
		{5466CF14-6B13-4E3B-BB18-DA010A4A1C09}.Debug|x64.ActiveCfg = Debug|x64
		{5466CF14-6B13-4E3B-BB18-DA010A4A1C09}.Debug|x64.Build.0 = Debug|x64
		{5466CF14-6B13-4E3B-BB18-DA010A4A1C09}.Debug|x86.ActiveCfg = Debug|Win32
		{5466CF14-6B13-4E3B-BB18-DA010A4A1C09}.Debug|x86.Build.0 = Debug|Win32
		{5466CF14-6B13-4E3B-BB18-DA010A4A1C09}.Release|x64.ActiveCfg = Release|x64
		{5466CF14-6B13-4E3B-BB18-DA010A4A1C09}.Release|x64.Build.0 = Release|x64
		{5466CF14-6B13-4E3B-BB18-DA010A4A1C09}.Release|x86.ActiveCfg = Release|Win32
		{5466CF14-6B13-4E3B-BB18-DA010A4A1C09}.Release|x86.Build.0 = Release|Win32
		{BE3FD7BF-C230-427B-87DB-0451E5704F19}.Debug|x64.ActiveCfg = Debug|x64
		{BE3FD7BF-C230-427B-87DB-0451E5704F19}.Debug|x64.Build.0 = Debug|x64
		{BE3FD7BF-C230-427B-87DB-0451E5704F19}.Debug|x86.ActiveCfg = Debug|Win32
		{BE3FD7BF-C230-427B-87DB-0451E5704F19}.Debug|x86.Build.0 = Debug|Win32
		{BE3FD7BF-C230-427B-87DB-0451E5704F19}.Release|x64.ActiveCfg = Release|x64
		{BE3FD7BF-C230-427B-87DB-0451E5704F19}.Release|x64.Build.0 = Release|x64
		{BE3FD7BF-C230-427B-87DB-0451E5704F19}.Release|x86.ActiveCfg = Release|Win32
		{BE3FD7BF-C230-427B-87DB-0451E5704F19}.Release|x86.Build.0 = Release|Win32
		{94CA4967-D678-413A-A9BD-99EBADFB3695}.Debug|x64.ActiveCfg = Debug|x64
		{94CA4967-D678-413A-A9BD-99EBADFB3695}.Debug|x64.Build.0 = Debug|x64
		{94CA4967-D678-413A-A9BD-99EBADFB3695}.Debug|x86.ActiveCfg = Debug|Win32
		{94CA4967-D678-413A-A9BD-99EBADFB3695}.Debug|x86.Build.0 = Debug|Win32
		{94CA4967-D678-413A-A9BD-99EBADFB3695}.Release|x64.ActiveCfg = Release|x64
		{94CA4967-D678-413A-A9BD-99EBADFB3695}.Release|x64.Build.0 = Release|x64
		{94CA4967-D678-413A-A9BD-99EBADFB3695}.Release|x86.ActiveCfg = Release|Win32
		{94CA4967-D678-413A-A9BD-99EBADFB3695}.Release|x86.Build.0 = Release|Win32
		{8D938DC3-FE8D-437F-B0FF-312E830BAF28}.Debug|x64.ActiveCfg = Debug|x64
		{8D938DC3-FE8D-437F-B0FF-312E830BAF28}.Debug|x64.Build.0 = Debug|x64
		{8D938DC3-FE8D-437F-B0FF-312E830BAF28}.Debug|x86.ActiveCfg = Debug|Win32
		{8D938DC3-FE8D-437F-B0FF-312E830BAF28}.Debug|x86.Build.0 = Debug|Win32
		{8D938DC3-FE8D-437F-B0FF-312E830BAF28}.Release|x64.ActiveCfg = Release|x64
		{8D938DC3-FE8D-437F-B0FF-312E830BAF28}.Release|x64.Build.0 = Release|x64
		{8D938DC3-FE8D-437F-B0FF-312E830BAF28}.Release|x86.ActiveCfg = Release|Win32
		{8D938DC3-FE8D-437F-B0FF-312E830BAF28}.Release|x86.Build.0 = Release|Win32
		{ACDD300B-FE78-443D-A000-C07999DE7CEF}.Debug|x64.ActiveCfg = Debug|x64
		{ACDD300B-FE78-443D-A000-C07999DE7CEF}.Debug|x64.Build.0 = Debug|x64
		{ACDD300B-FE78-443D-A000-C07999DE7CEF}.Debug|x86.ActiveCfg = Debug|Win32
		{ACDD300B-FE78-443D-A000-C07999DE7CEF}.Debug|x86.Build.0 = Debug|Win32
		{ACDD300B-FE78-443D-A000-C07999DE7CEF}.Release|x64.ActiveCfg = Release|x64
		{ACDD300B-FE78-443D-A000-C07999DE7CEF}.Release|x64.Build.0 = Release|x64
		{ACDD300B-FE78-443D-A000-C07999DE7CEF}.Release|x86.ActiveCfg = Release|Win32
		{ACDD300B-FE78-443D-A000-C07999DE7CEF}.Release|x86.Build.0 = Release|Win32
	EndGlobalSection
	GlobalSection(SolutionProperties) = preSolution
		HideSolutionNode = FALSE
	EndGlobalSection
	GlobalSection(ExtensibilityGlobals) = postSolution
		SolutionGuid = {46027AC6-A7F9-4CFD-ACA8-414C1EDF700F}
	EndGlobalSection
EndGlobal
