
Microsoft Visual Studio Solution File, Format Version 12.00
# Visual Studio Version 16
VisualStudioVersion = 16.0.29728.190
MinimumVisualStudioVersion = 10.0.40219.1
Project("{8BC9CEB8-8B4A-11D0-8D11-00A0C91BC942}") = "SurfaceViewerApp", "SurfaceViewerApp\SurfaceViewerGen2.vcxproj", "{70150A96-15F3-49F2-98E2-B7C50043F215}"
EndProject
Project("{8BC9CEB8-8B4A-11D0-8D11-00A0C91BC942}") = "SettingsHandler", "SettingsHandler\SettingsHandler.vcxproj", "{64018F7C-58BD-4B02-AD61-186F2C54230C}"
EndProject
Project("{8BC9CEB8-8B4A-11D0-8D11-00A0C91BC942}") = "Include", "Include\Include.vcxproj", "{848A9034-432D-4644-8EEC-38E62430405A}"
EndProject
Project("{8BC9CEB8-8B4A-11D0-8D11-00A0C91BC942}") = "Engine", "Engine\Engine.vcxproj", "{525976C8-E7C3-421D-9222-EEDCB32EAAEF}"
EndProject
Project("{8BC9CEB8-8B4A-11D0-8D11-00A0C91BC942}") = "SocketTransceiverLine", "SocketTransceiverLine\SocketTransceiverLine.vcxproj", "{DBF47AFF-228C-4A71-A39B-14AA648E5FB0}"
EndProject
Project("{8BC9CEB8-8B4A-11D0-8D11-00A0C91BC942}") = "lab", "direct_x_4\lab.vcxproj", "{699E6C93-0A29-4E41-AD9B-E1C9380AB73A}"
EndProject
Project("{8BC9CEB8-8B4A-11D0-8D11-00A0C91BC942}") = "SurfaceSimulation", "SurfaceSimulation\SurfaceSimulation.vcxproj", "{22A793C7-04B2-4E2B-9B97-6405CFFD010B}"
EndProject
Project("{8BC9CEB8-8B4A-11D0-8D11-00A0C91BC942}") = "HeightMapToSVGMConverter", "HeightMapToSVGMConverter\HeightMapToSVGMConverter.vcxproj", "{F522C4D2-CF72-486E-8CBD-71D288A6EA6E}"
EndProject
Project("{8BC9CEB8-8B4A-11D0-8D11-00A0C91BC942}") = "S57ToSVGMConverter", "S57ToSVGMConverter\S57ToSVGMConverter.vcxproj", "{66D32C1C-2F6C-4F6E-B1EF-C243F28701A5}"
EndProject
Project("{8BC9CEB8-8B4A-11D0-8D11-00A0C91BC942}") = "SQLiteController", "SQLiteController\SQLiteController.vcxproj", "{1772B509-89EF-4FC0-8941-D5C4A205CF5C}"
EndProject
Project("{8BC9CEB8-8B4A-11D0-8D11-00A0C91BC942}") = "XMLDatabaseController", "XMLDatabaseController\XMLDatabaseController.vcxproj", "{5466CF14-6B13-4E3B-BB18-DA010A4A1C09}"
EndProject
Project("{8BC9CEB8-8B4A-11D0-8D11-00A0C91BC942}") = "RawDataController", "RawDataController\RawDataController.vcxproj", "{BE3FD7BF-C230-427B-87DB-0451E5704F19}"
EndProject
Project("{8BC9CEB8-8B4A-11D0-8D11-00A0C91BC942}") = "DataShareProvider", "DataShareProvider\DataShareProvider.vcxproj", "{94CA4967-D678-413A-A9BD-99EBADFB3695}"
EndProject
Project("{8BC9CEB8-8B4A-11D0-8D11-00A0C91BC942}") = "SQLiteWrapper", "SQLiteWrapper\SQLiteWrapper.vcxproj", "{8D938DC3-FE8D-437F-B0FF-312E830BAF28}"
EndProject
Project("{8BC9CEB8-8B4A-11D0-8D11-00A0C91BC942}") = "ChartObjectGenerator", "ChartObjectGenerator\ChartObjectGenerator.vcxproj", "{ACDD300B-FE78-443D-A000-C07999DE7CEF}"
EndProject
Project("{8BC9CEB8-8B4A-11D0-8D11-00A0C91BC942}") = "UniversalLogger", "UniversalLogger\UniversalLogger.vcxproj", "{16F85652-A79C-42B8-8338-B9115515CA97}"
EndProject
Project("{8BC9CEB8-8B4A-11D0-8D11-00A0C91BC942}") = "FileStorageManager", "FileStorageManager\FileStorageManager.vcxproj", "{BC9EFAEA-F0FF-4DFA-8DBE-F70DCFC59CA3}"
EndProject
Project("{8BC9CEB8-8B4A-11D0-8D11-00A0C91BC942}") = "PackHound", "PackHound\PackHound.vcxproj", "{6279315D-EE17-4A0B-A700-38FD7D19E218}"
EndProject
Project("{2150E333-8FDC-42A3-9474-1A3956D46DE8}") = "GUI", "GUI", "{B72082EE-D45F-4D3B-B0FD-39A9D0B73E24}"
EndProject
Project("{2150E333-8FDC-42A3-9474-1A3956D46DE8}") = "Computing", "Computing", "{C1F28ED8-1B25-46B7-AABE-37161311B301}"
EndProject
Project("{2150E333-8FDC-42A3-9474-1A3956D46DE8}") = "Service", "Service", "{1EFC38EA-0DEE-414E-93F0-FA6A10DF4507}"
EndProject
Project("{8BC9CEB8-8B4A-11D0-8D11-00A0C91BC942}") = "NavigationManager", "NavigationManager\NavigationManager.vcxproj", "{7BDB419F-3A9C-485A-9DE8-A7024F605269}"
EndProject
Project("{8BC9CEB8-8B4A-11D0-8D11-00A0C91BC942}") = "NavigationDispatcher", "NavigationDispatcher\NavigationDispatcher.vcxproj", "{B3688AA8-8267-478E-9619-2E7F05A0FB21}"
EndProject
Project("{2150E333-8FDC-42A3-9474-1A3956D46DE8}") = "Base", "Base", "{D98E4B93-6888-4947-B0A5-D5A4FE7DA626}"
EndProject
Project("{8BC9CEB8-8B4A-11D0-8D11-00A0C91BC942}") = "DataStandart", "DataStandart\DataStandart.vcxproj", "{17A70277-7311-484A-A841-73A47547C39D}"
EndProject
Global
	GlobalSection(SolutionConfigurationPlatforms) = preSolution
		Debug|Any CPU = Debug|Any CPU
		Debug|x64 = Debug|x64
		Debug|x86 = Debug|x86
		Release|Any CPU = Release|Any CPU
		Release|x64 = Release|x64
		Release|x86 = Release|x86
	EndGlobalSection
	GlobalSection(ProjectConfigurationPlatforms) = postSolution
		{70150A96-15F3-49F2-98E2-B7C50043F215}.Debug|Any CPU.ActiveCfg = Debug|Win32
		{70150A96-15F3-49F2-98E2-B7C50043F215}.Debug|x64.ActiveCfg = Debug|x64
		{70150A96-15F3-49F2-98E2-B7C50043F215}.Debug|x64.Build.0 = Debug|x64
		{70150A96-15F3-49F2-98E2-B7C50043F215}.Debug|x86.ActiveCfg = Debug|Win32
		{70150A96-15F3-49F2-98E2-B7C50043F215}.Debug|x86.Build.0 = Debug|Win32
		{70150A96-15F3-49F2-98E2-B7C50043F215}.Release|Any CPU.ActiveCfg = Release|Win32
		{70150A96-15F3-49F2-98E2-B7C50043F215}.Release|x64.ActiveCfg = Release|x64
		{70150A96-15F3-49F2-98E2-B7C50043F215}.Release|x64.Build.0 = Release|x64
		{70150A96-15F3-49F2-98E2-B7C50043F215}.Release|x86.ActiveCfg = Release|Win32
		{70150A96-15F3-49F2-98E2-B7C50043F215}.Release|x86.Build.0 = Release|Win32
		{64018F7C-58BD-4B02-AD61-186F2C54230C}.Debug|Any CPU.ActiveCfg = Debug|Win32
		{64018F7C-58BD-4B02-AD61-186F2C54230C}.Debug|x64.ActiveCfg = Debug|x64
		{64018F7C-58BD-4B02-AD61-186F2C54230C}.Debug|x64.Build.0 = Debug|x64
		{64018F7C-58BD-4B02-AD61-186F2C54230C}.Debug|x86.ActiveCfg = Debug|Win32
		{64018F7C-58BD-4B02-AD61-186F2C54230C}.Debug|x86.Build.0 = Debug|Win32
		{64018F7C-58BD-4B02-AD61-186F2C54230C}.Release|Any CPU.ActiveCfg = Release|Win32
		{64018F7C-58BD-4B02-AD61-186F2C54230C}.Release|x64.ActiveCfg = Release|x64
		{64018F7C-58BD-4B02-AD61-186F2C54230C}.Release|x64.Build.0 = Release|x64
		{64018F7C-58BD-4B02-AD61-186F2C54230C}.Release|x86.ActiveCfg = Release|Win32
		{64018F7C-58BD-4B02-AD61-186F2C54230C}.Release|x86.Build.0 = Release|Win32
		{848A9034-432D-4644-8EEC-38E62430405A}.Debug|Any CPU.ActiveCfg = Debug|Win32
		{848A9034-432D-4644-8EEC-38E62430405A}.Debug|x64.ActiveCfg = Debug|x64
		{848A9034-432D-4644-8EEC-38E62430405A}.Debug|x64.Build.0 = Debug|x64
		{848A9034-432D-4644-8EEC-38E62430405A}.Debug|x86.ActiveCfg = Debug|Win32
		{848A9034-432D-4644-8EEC-38E62430405A}.Debug|x86.Build.0 = Debug|Win32
		{848A9034-432D-4644-8EEC-38E62430405A}.Release|Any CPU.ActiveCfg = Release|Win32
		{848A9034-432D-4644-8EEC-38E62430405A}.Release|x64.ActiveCfg = Release|x64
		{848A9034-432D-4644-8EEC-38E62430405A}.Release|x64.Build.0 = Release|x64
		{848A9034-432D-4644-8EEC-38E62430405A}.Release|x86.ActiveCfg = Release|Win32
		{848A9034-432D-4644-8EEC-38E62430405A}.Release|x86.Build.0 = Release|Win32
		{525976C8-E7C3-421D-9222-EEDCB32EAAEF}.Debug|Any CPU.ActiveCfg = Debug|Win32
		{525976C8-E7C3-421D-9222-EEDCB32EAAEF}.Debug|x64.ActiveCfg = Debug|x64
		{525976C8-E7C3-421D-9222-EEDCB32EAAEF}.Debug|x64.Build.0 = Debug|x64
		{525976C8-E7C3-421D-9222-EEDCB32EAAEF}.Debug|x86.ActiveCfg = Debug|Win32
		{525976C8-E7C3-421D-9222-EEDCB32EAAEF}.Debug|x86.Build.0 = Debug|Win32
		{525976C8-E7C3-421D-9222-EEDCB32EAAEF}.Release|Any CPU.ActiveCfg = Release|Win32
		{525976C8-E7C3-421D-9222-EEDCB32EAAEF}.Release|x64.ActiveCfg = Release|x64
		{525976C8-E7C3-421D-9222-EEDCB32EAAEF}.Release|x64.Build.0 = Release|x64
		{525976C8-E7C3-421D-9222-EEDCB32EAAEF}.Release|x86.ActiveCfg = Release|Win32
		{525976C8-E7C3-421D-9222-EEDCB32EAAEF}.Release|x86.Build.0 = Release|Win32
		{DBF47AFF-228C-4A71-A39B-14AA648E5FB0}.Debug|Any CPU.ActiveCfg = Debug|Win32
		{DBF47AFF-228C-4A71-A39B-14AA648E5FB0}.Debug|x64.ActiveCfg = Debug|x64
		{DBF47AFF-228C-4A71-A39B-14AA648E5FB0}.Debug|x64.Build.0 = Debug|x64
		{DBF47AFF-228C-4A71-A39B-14AA648E5FB0}.Debug|x86.ActiveCfg = Debug|Win32
		{DBF47AFF-228C-4A71-A39B-14AA648E5FB0}.Debug|x86.Build.0 = Debug|Win32
		{DBF47AFF-228C-4A71-A39B-14AA648E5FB0}.Release|Any CPU.ActiveCfg = Release|Win32
		{DBF47AFF-228C-4A71-A39B-14AA648E5FB0}.Release|x64.ActiveCfg = Release|x64
		{DBF47AFF-228C-4A71-A39B-14AA648E5FB0}.Release|x64.Build.0 = Release|x64
		{DBF47AFF-228C-4A71-A39B-14AA648E5FB0}.Release|x86.ActiveCfg = Release|Win32
		{DBF47AFF-228C-4A71-A39B-14AA648E5FB0}.Release|x86.Build.0 = Release|Win32
		{699E6C93-0A29-4E41-AD9B-E1C9380AB73A}.Debug|Any CPU.ActiveCfg = Debug|Win32
		{699E6C93-0A29-4E41-AD9B-E1C9380AB73A}.Debug|x64.ActiveCfg = Debug|Win32
		{699E6C93-0A29-4E41-AD9B-E1C9380AB73A}.Debug|x86.ActiveCfg = Debug|Win32
		{699E6C93-0A29-4E41-AD9B-E1C9380AB73A}.Debug|x86.Build.0 = Debug|Win32
		{699E6C93-0A29-4E41-AD9B-E1C9380AB73A}.Release|Any CPU.ActiveCfg = Release|Win32
		{699E6C93-0A29-4E41-AD9B-E1C9380AB73A}.Release|x64.ActiveCfg = Release|Win32
		{699E6C93-0A29-4E41-AD9B-E1C9380AB73A}.Release|x86.ActiveCfg = Release|Win32
		{699E6C93-0A29-4E41-AD9B-E1C9380AB73A}.Release|x86.Build.0 = Release|Win32
		{22A793C7-04B2-4E2B-9B97-6405CFFD010B}.Debug|Any CPU.ActiveCfg = Debug|Win32
		{22A793C7-04B2-4E2B-9B97-6405CFFD010B}.Debug|x64.ActiveCfg = Debug|x64
		{22A793C7-04B2-4E2B-9B97-6405CFFD010B}.Debug|x64.Build.0 = Debug|x64
		{22A793C7-04B2-4E2B-9B97-6405CFFD010B}.Debug|x86.ActiveCfg = Debug|Win32
		{22A793C7-04B2-4E2B-9B97-6405CFFD010B}.Debug|x86.Build.0 = Debug|Win32
		{22A793C7-04B2-4E2B-9B97-6405CFFD010B}.Release|Any CPU.ActiveCfg = Release|Win32
		{22A793C7-04B2-4E2B-9B97-6405CFFD010B}.Release|x64.ActiveCfg = Release|x64
		{22A793C7-04B2-4E2B-9B97-6405CFFD010B}.Release|x64.Build.0 = Release|x64
		{22A793C7-04B2-4E2B-9B97-6405CFFD010B}.Release|x86.ActiveCfg = Release|Win32
		{22A793C7-04B2-4E2B-9B97-6405CFFD010B}.Release|x86.Build.0 = Release|Win32
		{F522C4D2-CF72-486E-8CBD-71D288A6EA6E}.Debug|Any CPU.ActiveCfg = Debug|Win32
		{F522C4D2-CF72-486E-8CBD-71D288A6EA6E}.Debug|x64.ActiveCfg = Debug|x64
		{F522C4D2-CF72-486E-8CBD-71D288A6EA6E}.Debug|x64.Build.0 = Debug|x64
		{F522C4D2-CF72-486E-8CBD-71D288A6EA6E}.Debug|x86.ActiveCfg = Debug|Win32
		{F522C4D2-CF72-486E-8CBD-71D288A6EA6E}.Debug|x86.Build.0 = Debug|Win32
		{F522C4D2-CF72-486E-8CBD-71D288A6EA6E}.Release|Any CPU.ActiveCfg = Release|Win32
		{F522C4D2-CF72-486E-8CBD-71D288A6EA6E}.Release|x64.ActiveCfg = Release|x64
		{F522C4D2-CF72-486E-8CBD-71D288A6EA6E}.Release|x64.Build.0 = Release|x64
		{F522C4D2-CF72-486E-8CBD-71D288A6EA6E}.Release|x86.ActiveCfg = Release|Win32
		{F522C4D2-CF72-486E-8CBD-71D288A6EA6E}.Release|x86.Build.0 = Release|Win32
		{66D32C1C-2F6C-4F6E-B1EF-C243F28701A5}.Debug|Any CPU.ActiveCfg = Debug|Win32
		{66D32C1C-2F6C-4F6E-B1EF-C243F28701A5}.Debug|x64.ActiveCfg = Debug|x64
		{66D32C1C-2F6C-4F6E-B1EF-C243F28701A5}.Debug|x64.Build.0 = Debug|x64
		{66D32C1C-2F6C-4F6E-B1EF-C243F28701A5}.Debug|x86.ActiveCfg = Debug|Win32
		{66D32C1C-2F6C-4F6E-B1EF-C243F28701A5}.Debug|x86.Build.0 = Debug|Win32
		{66D32C1C-2F6C-4F6E-B1EF-C243F28701A5}.Release|Any CPU.ActiveCfg = Release|Win32
		{66D32C1C-2F6C-4F6E-B1EF-C243F28701A5}.Release|x64.ActiveCfg = Release|x64
		{66D32C1C-2F6C-4F6E-B1EF-C243F28701A5}.Release|x64.Build.0 = Release|x64
		{66D32C1C-2F6C-4F6E-B1EF-C243F28701A5}.Release|x86.ActiveCfg = Release|Win32
		{66D32C1C-2F6C-4F6E-B1EF-C243F28701A5}.Release|x86.Build.0 = Release|Win32
		{1772B509-89EF-4FC0-8941-D5C4A205CF5C}.Debug|Any CPU.ActiveCfg = Debug|Win32
		{1772B509-89EF-4FC0-8941-D5C4A205CF5C}.Debug|x64.ActiveCfg = Debug|x64
		{1772B509-89EF-4FC0-8941-D5C4A205CF5C}.Debug|x64.Build.0 = Debug|x64
		{1772B509-89EF-4FC0-8941-D5C4A205CF5C}.Debug|x86.ActiveCfg = Debug|Win32
		{1772B509-89EF-4FC0-8941-D5C4A205CF5C}.Debug|x86.Build.0 = Debug|Win32
		{1772B509-89EF-4FC0-8941-D5C4A205CF5C}.Release|Any CPU.ActiveCfg = Release|Win32
		{1772B509-89EF-4FC0-8941-D5C4A205CF5C}.Release|x64.ActiveCfg = Release|x64
		{1772B509-89EF-4FC0-8941-D5C4A205CF5C}.Release|x64.Build.0 = Release|x64
		{1772B509-89EF-4FC0-8941-D5C4A205CF5C}.Release|x86.ActiveCfg = Release|Win32
		{1772B509-89EF-4FC0-8941-D5C4A205CF5C}.Release|x86.Build.0 = Release|Win32
		{5466CF14-6B13-4E3B-BB18-DA010A4A1C09}.Debug|Any CPU.ActiveCfg = Debug|Win32
		{5466CF14-6B13-4E3B-BB18-DA010A4A1C09}.Debug|x64.ActiveCfg = Debug|x64
		{5466CF14-6B13-4E3B-BB18-DA010A4A1C09}.Debug|x64.Build.0 = Debug|x64
		{5466CF14-6B13-4E3B-BB18-DA010A4A1C09}.Debug|x86.ActiveCfg = Debug|Win32
		{5466CF14-6B13-4E3B-BB18-DA010A4A1C09}.Debug|x86.Build.0 = Debug|Win32
		{5466CF14-6B13-4E3B-BB18-DA010A4A1C09}.Release|Any CPU.ActiveCfg = Release|Win32
		{5466CF14-6B13-4E3B-BB18-DA010A4A1C09}.Release|x64.ActiveCfg = Release|x64
		{5466CF14-6B13-4E3B-BB18-DA010A4A1C09}.Release|x64.Build.0 = Release|x64
		{5466CF14-6B13-4E3B-BB18-DA010A4A1C09}.Release|x86.ActiveCfg = Release|Win32
		{5466CF14-6B13-4E3B-BB18-DA010A4A1C09}.Release|x86.Build.0 = Release|Win32
		{BE3FD7BF-C230-427B-87DB-0451E5704F19}.Debug|Any CPU.ActiveCfg = Debug|Win32
		{BE3FD7BF-C230-427B-87DB-0451E5704F19}.Debug|x64.ActiveCfg = Debug|x64
		{BE3FD7BF-C230-427B-87DB-0451E5704F19}.Debug|x64.Build.0 = Debug|x64
		{BE3FD7BF-C230-427B-87DB-0451E5704F19}.Debug|x86.ActiveCfg = Debug|Win32
		{BE3FD7BF-C230-427B-87DB-0451E5704F19}.Debug|x86.Build.0 = Debug|Win32
		{BE3FD7BF-C230-427B-87DB-0451E5704F19}.Release|Any CPU.ActiveCfg = Release|Win32
		{BE3FD7BF-C230-427B-87DB-0451E5704F19}.Release|x64.ActiveCfg = Release|x64
		{BE3FD7BF-C230-427B-87DB-0451E5704F19}.Release|x64.Build.0 = Release|x64
		{BE3FD7BF-C230-427B-87DB-0451E5704F19}.Release|x86.ActiveCfg = Release|Win32
		{BE3FD7BF-C230-427B-87DB-0451E5704F19}.Release|x86.Build.0 = Release|Win32
		{94CA4967-D678-413A-A9BD-99EBADFB3695}.Debug|Any CPU.ActiveCfg = Debug|Win32
		{94CA4967-D678-413A-A9BD-99EBADFB3695}.Debug|x64.ActiveCfg = Debug|x64
		{94CA4967-D678-413A-A9BD-99EBADFB3695}.Debug|x64.Build.0 = Debug|x64
		{94CA4967-D678-413A-A9BD-99EBADFB3695}.Debug|x86.ActiveCfg = Debug|Win32
		{94CA4967-D678-413A-A9BD-99EBADFB3695}.Debug|x86.Build.0 = Debug|Win32
		{94CA4967-D678-413A-A9BD-99EBADFB3695}.Release|Any CPU.ActiveCfg = Release|Win32
		{94CA4967-D678-413A-A9BD-99EBADFB3695}.Release|x64.ActiveCfg = Release|x64
		{94CA4967-D678-413A-A9BD-99EBADFB3695}.Release|x64.Build.0 = Release|x64
		{94CA4967-D678-413A-A9BD-99EBADFB3695}.Release|x86.ActiveCfg = Release|Win32
		{94CA4967-D678-413A-A9BD-99EBADFB3695}.Release|x86.Build.0 = Release|Win32
		{8D938DC3-FE8D-437F-B0FF-312E830BAF28}.Debug|Any CPU.ActiveCfg = Debug|Win32
		{8D938DC3-FE8D-437F-B0FF-312E830BAF28}.Debug|x64.ActiveCfg = Debug|x64
		{8D938DC3-FE8D-437F-B0FF-312E830BAF28}.Debug|x64.Build.0 = Debug|x64
		{8D938DC3-FE8D-437F-B0FF-312E830BAF28}.Debug|x86.ActiveCfg = Debug|Win32
		{8D938DC3-FE8D-437F-B0FF-312E830BAF28}.Debug|x86.Build.0 = Debug|Win32
		{8D938DC3-FE8D-437F-B0FF-312E830BAF28}.Release|Any CPU.ActiveCfg = Release|Win32
		{8D938DC3-FE8D-437F-B0FF-312E830BAF28}.Release|x64.ActiveCfg = Release|x64
		{8D938DC3-FE8D-437F-B0FF-312E830BAF28}.Release|x64.Build.0 = Release|x64
		{8D938DC3-FE8D-437F-B0FF-312E830BAF28}.Release|x86.ActiveCfg = Release|Win32
		{8D938DC3-FE8D-437F-B0FF-312E830BAF28}.Release|x86.Build.0 = Release|Win32
		{ACDD300B-FE78-443D-A000-C07999DE7CEF}.Debug|Any CPU.ActiveCfg = Debug|Win32
		{ACDD300B-FE78-443D-A000-C07999DE7CEF}.Debug|x64.ActiveCfg = Debug|x64
		{ACDD300B-FE78-443D-A000-C07999DE7CEF}.Debug|x64.Build.0 = Debug|x64
		{ACDD300B-FE78-443D-A000-C07999DE7CEF}.Debug|x86.ActiveCfg = Debug|Win32
		{ACDD300B-FE78-443D-A000-C07999DE7CEF}.Debug|x86.Build.0 = Debug|Win32
		{ACDD300B-FE78-443D-A000-C07999DE7CEF}.Release|Any CPU.ActiveCfg = Release|Win32
		{ACDD300B-FE78-443D-A000-C07999DE7CEF}.Release|x64.ActiveCfg = Release|x64
		{ACDD300B-FE78-443D-A000-C07999DE7CEF}.Release|x64.Build.0 = Release|x64
		{ACDD300B-FE78-443D-A000-C07999DE7CEF}.Release|x86.ActiveCfg = Release|Win32
		{ACDD300B-FE78-443D-A000-C07999DE7CEF}.Release|x86.Build.0 = Release|Win32
		{16F85652-A79C-42B8-8338-B9115515CA97}.Debug|Any CPU.ActiveCfg = Debug|Win32
		{16F85652-A79C-42B8-8338-B9115515CA97}.Debug|x64.ActiveCfg = Debug|x64
		{16F85652-A79C-42B8-8338-B9115515CA97}.Debug|x64.Build.0 = Debug|x64
		{16F85652-A79C-42B8-8338-B9115515CA97}.Debug|x86.ActiveCfg = Debug|Win32
		{16F85652-A79C-42B8-8338-B9115515CA97}.Debug|x86.Build.0 = Debug|Win32
		{16F85652-A79C-42B8-8338-B9115515CA97}.Release|Any CPU.ActiveCfg = Release|Win32
		{16F85652-A79C-42B8-8338-B9115515CA97}.Release|x64.ActiveCfg = Release|x64
		{16F85652-A79C-42B8-8338-B9115515CA97}.Release|x64.Build.0 = Release|x64
		{16F85652-A79C-42B8-8338-B9115515CA97}.Release|x86.ActiveCfg = Release|Win32
		{16F85652-A79C-42B8-8338-B9115515CA97}.Release|x86.Build.0 = Release|Win32
		{BC9EFAEA-F0FF-4DFA-8DBE-F70DCFC59CA3}.Debug|Any CPU.ActiveCfg = Debug|Win32
		{BC9EFAEA-F0FF-4DFA-8DBE-F70DCFC59CA3}.Debug|x64.ActiveCfg = Debug|x64
		{BC9EFAEA-F0FF-4DFA-8DBE-F70DCFC59CA3}.Debug|x64.Build.0 = Debug|x64
		{BC9EFAEA-F0FF-4DFA-8DBE-F70DCFC59CA3}.Debug|x86.ActiveCfg = Debug|Win32
		{BC9EFAEA-F0FF-4DFA-8DBE-F70DCFC59CA3}.Debug|x86.Build.0 = Debug|Win32
		{BC9EFAEA-F0FF-4DFA-8DBE-F70DCFC59CA3}.Release|Any CPU.ActiveCfg = Release|Win32
		{BC9EFAEA-F0FF-4DFA-8DBE-F70DCFC59CA3}.Release|x64.ActiveCfg = Release|x64
		{BC9EFAEA-F0FF-4DFA-8DBE-F70DCFC59CA3}.Release|x64.Build.0 = Release|x64
		{BC9EFAEA-F0FF-4DFA-8DBE-F70DCFC59CA3}.Release|x86.ActiveCfg = Release|Win32
		{BC9EFAEA-F0FF-4DFA-8DBE-F70DCFC59CA3}.Release|x86.Build.0 = Release|Win32
		{6279315D-EE17-4A0B-A700-38FD7D19E218}.Debug|Any CPU.ActiveCfg = Debug|Win32
		{6279315D-EE17-4A0B-A700-38FD7D19E218}.Debug|x64.ActiveCfg = Debug|x64
		{6279315D-EE17-4A0B-A700-38FD7D19E218}.Debug|x64.Build.0 = Debug|x64
		{6279315D-EE17-4A0B-A700-38FD7D19E218}.Debug|x86.ActiveCfg = Debug|Win32
		{6279315D-EE17-4A0B-A700-38FD7D19E218}.Debug|x86.Build.0 = Debug|Win32
		{6279315D-EE17-4A0B-A700-38FD7D19E218}.Release|Any CPU.ActiveCfg = Release|Win32
		{6279315D-EE17-4A0B-A700-38FD7D19E218}.Release|x64.ActiveCfg = Release|x64
		{6279315D-EE17-4A0B-A700-38FD7D19E218}.Release|x64.Build.0 = Release|x64
		{6279315D-EE17-4A0B-A700-38FD7D19E218}.Release|x86.ActiveCfg = Release|Win32
		{6279315D-EE17-4A0B-A700-38FD7D19E218}.Release|x86.Build.0 = Release|Win32
		{7BDB419F-3A9C-485A-9DE8-A7024F605269}.Debug|Any CPU.ActiveCfg = Debug|Win32
		{7BDB419F-3A9C-485A-9DE8-A7024F605269}.Debug|x64.ActiveCfg = Debug|x64
		{7BDB419F-3A9C-485A-9DE8-A7024F605269}.Debug|x64.Build.0 = Debug|x64
		{7BDB419F-3A9C-485A-9DE8-A7024F605269}.Debug|x86.ActiveCfg = Debug|Win32
		{7BDB419F-3A9C-485A-9DE8-A7024F605269}.Debug|x86.Build.0 = Debug|Win32
		{7BDB419F-3A9C-485A-9DE8-A7024F605269}.Release|Any CPU.ActiveCfg = Release|Win32
		{7BDB419F-3A9C-485A-9DE8-A7024F605269}.Release|x64.ActiveCfg = Release|x64
		{7BDB419F-3A9C-485A-9DE8-A7024F605269}.Release|x64.Build.0 = Release|x64
		{7BDB419F-3A9C-485A-9DE8-A7024F605269}.Release|x86.ActiveCfg = Release|Win32
		{7BDB419F-3A9C-485A-9DE8-A7024F605269}.Release|x86.Build.0 = Release|Win32
		{B3688AA8-8267-478E-9619-2E7F05A0FB21}.Debug|Any CPU.ActiveCfg = Debug|Win32
		{B3688AA8-8267-478E-9619-2E7F05A0FB21}.Debug|x64.ActiveCfg = Debug|x64
		{B3688AA8-8267-478E-9619-2E7F05A0FB21}.Debug|x64.Build.0 = Debug|x64
		{B3688AA8-8267-478E-9619-2E7F05A0FB21}.Debug|x86.ActiveCfg = Debug|Win32
		{B3688AA8-8267-478E-9619-2E7F05A0FB21}.Debug|x86.Build.0 = Debug|Win32
		{B3688AA8-8267-478E-9619-2E7F05A0FB21}.Release|Any CPU.ActiveCfg = Release|Win32
		{B3688AA8-8267-478E-9619-2E7F05A0FB21}.Release|x64.ActiveCfg = Release|x64
		{B3688AA8-8267-478E-9619-2E7F05A0FB21}.Release|x64.Build.0 = Release|x64
		{B3688AA8-8267-478E-9619-2E7F05A0FB21}.Release|x86.ActiveCfg = Release|Win32
		{B3688AA8-8267-478E-9619-2E7F05A0FB21}.Release|x86.Build.0 = Release|Win32
		{17A70277-7311-484A-A841-73A47547C39D}.Debug|Any CPU.ActiveCfg = Debug|Win32
		{17A70277-7311-484A-A841-73A47547C39D}.Debug|x64.ActiveCfg = Debug|x64
		{17A70277-7311-484A-A841-73A47547C39D}.Debug|x64.Build.0 = Debug|x64
		{17A70277-7311-484A-A841-73A47547C39D}.Debug|x86.ActiveCfg = Debug|Win32
		{17A70277-7311-484A-A841-73A47547C39D}.Debug|x86.Build.0 = Debug|Win32
		{17A70277-7311-484A-A841-73A47547C39D}.Release|Any CPU.ActiveCfg = Release|Win32
		{17A70277-7311-484A-A841-73A47547C39D}.Release|x64.ActiveCfg = Release|x64
		{17A70277-7311-484A-A841-73A47547C39D}.Release|x64.Build.0 = Release|x64
		{17A70277-7311-484A-A841-73A47547C39D}.Release|x86.ActiveCfg = Release|Win32
		{17A70277-7311-484A-A841-73A47547C39D}.Release|x86.Build.0 = Release|Win32
	EndGlobalSection
	GlobalSection(SolutionProperties) = preSolution
		HideSolutionNode = FALSE
	EndGlobalSection
	GlobalSection(NestedProjects) = preSolution
		{70150A96-15F3-49F2-98E2-B7C50043F215} = {B72082EE-D45F-4D3B-B0FD-39A9D0B73E24}
		{64018F7C-58BD-4B02-AD61-186F2C54230C} = {1EFC38EA-0DEE-414E-93F0-FA6A10DF4507}
		{848A9034-432D-4644-8EEC-38E62430405A} = {1EFC38EA-0DEE-414E-93F0-FA6A10DF4507}
		{525976C8-E7C3-421D-9222-EEDCB32EAAEF} = {C1F28ED8-1B25-46B7-AABE-37161311B301}
		{DBF47AFF-228C-4A71-A39B-14AA648E5FB0} = {1EFC38EA-0DEE-414E-93F0-FA6A10DF4507}
		{699E6C93-0A29-4E41-AD9B-E1C9380AB73A} = {B72082EE-D45F-4D3B-B0FD-39A9D0B73E24}
		{22A793C7-04B2-4E2B-9B97-6405CFFD010B} = {C1F28ED8-1B25-46B7-AABE-37161311B301}
		{F522C4D2-CF72-486E-8CBD-71D288A6EA6E} = {1EFC38EA-0DEE-414E-93F0-FA6A10DF4507}
		{66D32C1C-2F6C-4F6E-B1EF-C243F28701A5} = {1EFC38EA-0DEE-414E-93F0-FA6A10DF4507}
		{1772B509-89EF-4FC0-8941-D5C4A205CF5C} = {1EFC38EA-0DEE-414E-93F0-FA6A10DF4507}
		{5466CF14-6B13-4E3B-BB18-DA010A4A1C09} = {1EFC38EA-0DEE-414E-93F0-FA6A10DF4507}
		{BE3FD7BF-C230-427B-87DB-0451E5704F19} = {1EFC38EA-0DEE-414E-93F0-FA6A10DF4507}
		{94CA4967-D678-413A-A9BD-99EBADFB3695} = {1EFC38EA-0DEE-414E-93F0-FA6A10DF4507}
		{8D938DC3-FE8D-437F-B0FF-312E830BAF28} = {1EFC38EA-0DEE-414E-93F0-FA6A10DF4507}
		{ACDD300B-FE78-443D-A000-C07999DE7CEF} = {C1F28ED8-1B25-46B7-AABE-37161311B301}
		{16F85652-A79C-42B8-8338-B9115515CA97} = {1EFC38EA-0DEE-414E-93F0-FA6A10DF4507}
		{BC9EFAEA-F0FF-4DFA-8DBE-F70DCFC59CA3} = {1EFC38EA-0DEE-414E-93F0-FA6A10DF4507}
		{6279315D-EE17-4A0B-A700-38FD7D19E218} = {C1F28ED8-1B25-46B7-AABE-37161311B301}
		{7BDB419F-3A9C-485A-9DE8-A7024F605269} = {B72082EE-D45F-4D3B-B0FD-39A9D0B73E24}
		{B3688AA8-8267-478E-9619-2E7F05A0FB21} = {1EFC38EA-0DEE-414E-93F0-FA6A10DF4507}
		{17A70277-7311-484A-A841-73A47547C39D} = {D98E4B93-6888-4947-B0A5-D5A4FE7DA626}
	EndGlobalSection
	GlobalSection(ExtensibilityGlobals) = postSolution
		SolutionGuid = {46027AC6-A7F9-4CFD-ACA8-414C1EDF700F}
	EndGlobalSection
EndGlobal
